
Microsoft Visual Studio Solution File, Format Version 12.00
# Visual Studio Version 17
VisualStudioVersion = 17.2.32616.157
MinimumVisualStudioVersion = 10.0.40219.1
Project("{8BC9CEB8-8B4A-11D0-8D11-00A0C91BC942}") = "CalibrationApplication", "CalibrationApplication\CalibrationApplication.vcxproj", "{C498FD85-17E8-4F77-B7D6-50DE002DC59B}"
EndProject
Project("{8BC9CEB8-8B4A-11D0-8D11-00A0C91BC942}") = "CameraLib", "CameraLib\CameraLib.vcxproj", "{12FF9E04-8BE4-49AE-B098-8A701349E7E6}"
EndProject
Project("{8BC9CEB8-8B4A-11D0-8D11-00A0C91BC942}") = "CalibrationLib", "CalibrationLib\CalibrationLib.vcxproj", "{30B83F6A-AD6E-48FB-9621-9D5874220999}"
EndProject
Project("{8BC9CEB8-8B4A-11D0-8D11-00A0C91BC942}") = "DualViewReconstruction", "DualViewReconstruction\DualViewReconstruction.vcxproj", "{A1FDC098-EF8A-4DD2-9C8A-D066D8FBF154}"
EndProject
Project("{8BC9CEB8-8B4A-11D0-8D11-00A0C91BC942}") = "PDRCameraPointCloud", "PDRCameraPointCloud\PDRCameraPointCloud.vcxproj", "{57D95090-C1B9-4537-9B10-D7532C0385C5}"
EndProject
Global
	GlobalSection(SolutionConfigurationPlatforms) = preSolution
		Debug|x64 = Debug|x64
		Debug|x86 = Debug|x86
		Release|x64 = Release|x64
		Release|x86 = Release|x86
	EndGlobalSection
	GlobalSection(ProjectConfigurationPlatforms) = postSolution
		{C498FD85-17E8-4F77-B7D6-50DE002DC59B}.Debug|x64.ActiveCfg = Debug|x64
		{C498FD85-17E8-4F77-B7D6-50DE002DC59B}.Debug|x64.Build.0 = Debug|x64
		{C498FD85-17E8-4F77-B7D6-50DE002DC59B}.Debug|x86.ActiveCfg = Debug|x64
		{C498FD85-17E8-4F77-B7D6-50DE002DC59B}.Debug|x86.Build.0 = Debug|x64
		{C498FD85-17E8-4F77-B7D6-50DE002DC59B}.Release|x64.ActiveCfg = Release|x64
		{C498FD85-17E8-4F77-B7D6-50DE002DC59B}.Release|x64.Build.0 = Release|x64
		{C498FD85-17E8-4F77-B7D6-50DE002DC59B}.Release|x86.ActiveCfg = Release|x64
		{C498FD85-17E8-4F77-B7D6-50DE002DC59B}.Release|x86.Build.0 = Release|x64
		{12FF9E04-8BE4-49AE-B098-8A701349E7E6}.Debug|x64.ActiveCfg = Debug|x64
		{12FF9E04-8BE4-49AE-B098-8A701349E7E6}.Debug|x64.Build.0 = Debug|x64
		{12FF9E04-8BE4-49AE-B098-8A701349E7E6}.Debug|x86.ActiveCfg = Debug|Win32
		{12FF9E04-8BE4-49AE-B098-8A701349E7E6}.Debug|x86.Build.0 = Debug|Win32
		{12FF9E04-8BE4-49AE-B098-8A701349E7E6}.Release|x64.ActiveCfg = Release|x64
		{12FF9E04-8BE4-49AE-B098-8A701349E7E6}.Release|x64.Build.0 = Release|x64
		{12FF9E04-8BE4-49AE-B098-8A701349E7E6}.Release|x86.ActiveCfg = Release|Win32
		{12FF9E04-8BE4-49AE-B098-8A701349E7E6}.Release|x86.Build.0 = Release|Win32
		{30B83F6A-AD6E-48FB-9621-9D5874220999}.Debug|x64.ActiveCfg = Debug|x64
		{30B83F6A-AD6E-48FB-9621-9D5874220999}.Debug|x64.Build.0 = Debug|x64
		{30B83F6A-AD6E-48FB-9621-9D5874220999}.Debug|x86.ActiveCfg = Debug|Win32
		{30B83F6A-AD6E-48FB-9621-9D5874220999}.Debug|x86.Build.0 = Debug|Win32
		{30B83F6A-AD6E-48FB-9621-9D5874220999}.Release|x64.ActiveCfg = Release|x64
		{30B83F6A-AD6E-48FB-9621-9D5874220999}.Release|x64.Build.0 = Release|x64
		{30B83F6A-AD6E-48FB-9621-9D5874220999}.Release|x86.ActiveCfg = Release|Win32
		{30B83F6A-AD6E-48FB-9621-9D5874220999}.Release|x86.Build.0 = Release|Win32
		{A1FDC098-EF8A-4DD2-9C8A-D066D8FBF154}.Debug|x64.ActiveCfg = Debug|x64
		{A1FDC098-EF8A-4DD2-9C8A-D066D8FBF154}.Debug|x64.Build.0 = Debug|x64
		{A1FDC098-EF8A-4DD2-9C8A-D066D8FBF154}.Debug|x86.ActiveCfg = Debug|Win32
		{A1FDC098-EF8A-4DD2-9C8A-D066D8FBF154}.Debug|x86.Build.0 = Debug|Win32
		{A1FDC098-EF8A-4DD2-9C8A-D066D8FBF154}.Release|x64.ActiveCfg = Release|x64
		{A1FDC098-EF8A-4DD2-9C8A-D066D8FBF154}.Release|x64.Build.0 = Release|x64
		{A1FDC098-EF8A-4DD2-9C8A-D066D8FBF154}.Release|x86.ActiveCfg = Release|Win32
		{A1FDC098-EF8A-4DD2-9C8A-D066D8FBF154}.Release|x86.Build.0 = Release|Win32
		{57D95090-C1B9-4537-9B10-D7532C0385C5}.Debug|x64.ActiveCfg = Debug|x64
		{57D95090-C1B9-4537-9B10-D7532C0385C5}.Debug|x64.Build.0 = Debug|x64
		{57D95090-C1B9-4537-9B10-D7532C0385C5}.Debug|x86.ActiveCfg = Debug|Win32
		{57D95090-C1B9-4537-9B10-D7532C0385C5}.Debug|x86.Build.0 = Debug|Win32
		{57D95090-C1B9-4537-9B10-D7532C0385C5}.Release|x64.ActiveCfg = Release|x64
		{57D95090-C1B9-4537-9B10-D7532C0385C5}.Release|x64.Build.0 = Release|x64
		{57D95090-C1B9-4537-9B10-D7532C0385C5}.Release|x86.ActiveCfg = Release|Win32
		{57D95090-C1B9-4537-9B10-D7532C0385C5}.Release|x86.Build.0 = Release|Win32
	EndGlobalSection
	GlobalSection(SolutionProperties) = preSolution
		HideSolutionNode = FALSE
	EndGlobalSection
	GlobalSection(ExtensibilityGlobals) = postSolution
		SolutionGuid = {2AD246BC-AAE5-4372-B367-9FE8B50D6067}
	EndGlobalSection
EndGlobal
