<?xml version="1.0" encoding="utf-8"?>
<Project ToolsVersion="4.0" xmlns="http://schemas.microsoft.com/developer/msbuild/2003">
  <ItemGroup>
    <Filter Include="Source Files">
      <UniqueIdentifier>{4FC737F1-C7A5-4376-A066-2A32D752A2FF}</UniqueIdentifier>
      <Extensions>cpp;c;cc;cxx;c++;cppm;ixx;def;odl;idl;hpj;bat;asm;asmx</Extensions>
    </Filter>
    <Filter Include="Header Files">
      <UniqueIdentifier>{93995380-89BD-4b04-88EB-625FBE52EBFB}</UniqueIdentifier>
      <Extensions>h;hh;hpp;hxx;h++;hm;inl;inc;ipp;xsd</Extensions>
    </Filter>
    <Filter Include="Resource Files">
      <UniqueIdentifier>{67DA6AB6-F800-4c08-8B7A-83BB121AAD01}</UniqueIdentifier>
      <Extensions>rc;ico;cur;bmp;dlg;rc2;rct;bin;rgs;gif;jpg;jpeg;jpe;resx;tiff;tif;png;wav;mfcribbon-ms</Extensions>
    </Filter>
    <Filter Include="Header Files\CameraFactory">
      <UniqueIdentifier>{a9451956-9251-468b-a647-025f241b0888}</UniqueIdentifier>
    </Filter>
    <Filter Include="Source Files\Cameras">
      <UniqueIdentifier>{306355c6-a6a1-48f7-bdfc-e535ac8abd33}</UniqueIdentifier>
    </Filter>
    <Filter Include="Header Files\Cameras">
      <UniqueIdentifier>{2ffb9e9c-d03b-442e-be59-ce9444a52a70}</UniqueIdentifier>
    </Filter>
    <Filter Include="Header Files\Cameras\PointCloudCamera">
      <UniqueIdentifier>{f808f575-3a39-469e-af08-186a572df696}</UniqueIdentifier>
    </Filter>
    <Filter Include="Source Files\Cameras\PointCloudCamera">
      <UniqueIdentifier>{686fbcb9-f8d3-41de-b71c-337c7abaa458}</UniqueIdentifier>
    </Filter>
    <Filter Include="Source Files\Cameras\ImageCamera">
      <UniqueIdentifier>{2a0d49cf-97d2-4575-b9c3-56c1f0c5251b}</UniqueIdentifier>
    </Filter>
    <Filter Include="Header Files\Cameras\ImageCamera">
      <UniqueIdentifier>{1c22c8f3-b485-4a79-a483-77d8db84757a}</UniqueIdentifier>
    </Filter>
    <Filter Include="Header Files\Projectors">
      <UniqueIdentifier>{ff2fc23f-b92b-4b06-b7d5-009bc43b14d7}</UniqueIdentifier>
    </Filter>
    <Filter Include="Source Files\Projectors">
      <UniqueIdentifier>{dd89e268-8b53-4e7f-956a-f18ab4fad99b}</UniqueIdentifier>
    </Filter>
  </ItemGroup>
  <ItemGroup>
    <ClInclude Include="MVCamerasFactory.hpp">
      <Filter>Header Files\CameraFactory</Filter>
    </ClInclude>
    <ClInclude Include="WebCamerasFactory.hpp">
      <Filter>Header Files\CameraFactory</Filter>
    </ClInclude>
    <ClInclude Include="AbstractCamerasFactory.h">
      <Filter>Header Files\CameraFactory</Filter>
    </ClInclude>
    <ClInclude Include="Framework.h">
      <Filter>Header Files</Filter>
    </ClInclude>
    <ClInclude Include="Camera.hpp">
      <Filter>Header Files\Cameras</Filter>
    </ClInclude>
    <ClInclude Include="PDNImageCamera.h">
      <Filter>Header Files\Cameras\ImageCamera</Filter>
    </ClInclude>
    <ClInclude Include="PDRImageCamera.h">
      <Filter>Header Files\Cameras\ImageCamera</Filter>
    </ClInclude>
    <ClInclude Include="WebCamera.h">
      <Filter>Header Files\Cameras\ImageCamera</Filter>
    </ClInclude>
    <ClInclude Include="VSensorPointCloudCamerasFactory.hpp">
      <Filter>Header Files\CameraFactory</Filter>
    </ClInclude>
    <ClInclude Include="VSensorPointCloudCamera.h">
      <Filter>Header Files\Cameras\PointCloudCamera</Filter>
    </ClInclude>
    <ClInclude Include="MVImageCamera.h">
      <Filter>Header Files\Cameras\ImageCamera</Filter>
    </ClInclude>
    <ClInclude Include="VSensorDef.h">
      <Filter>Header Files</Filter>
    </ClInclude>
    <ClInclude Include="MVDef.h">
      <Filter>Header Files</Filter>
    </ClInclude>
    <ClInclude Include="FrameListener.h">
      <Filter>Header Files\Cameras</Filter>
    </ClInclude>
  </ItemGroup>
  <ItemGroup>
    <ClCompile Include="PDNImageCamera.cpp">
      <Filter>Source Files\Cameras\ImageCamera</Filter>
    </ClCompile>
    <ClCompile Include="PDRImageCamera.cpp">
      <Filter>Source Files\Cameras\ImageCamera</Filter>
    </ClCompile>
    <ClCompile Include="WebCamera.cpp">
      <Filter>Source Files\Cameras\ImageCamera</Filter>
    </ClCompile>
    <ClCompile Include="VSensorPointCloudCamera.cpp">
      <Filter>Source Files\Cameras\PointCloudCamera</Filter>
    </ClCompile>
    <ClCompile Include="MVImageCamera.cpp">
      <Filter>Source Files\Cameras\ImageCamera</Filter>
    </ClCompile>
    <ClCompile Include="MVCameraProjector.h">
      <Filter>Header Files\Projectors</Filter>
    </ClCompile>
    <ClCompile Include="MVCameraProjector.cpp">
      <Filter>Source Files\Projectors</Filter>
    </ClCompile>
  </ItemGroup>
</Project>